
Microsoft Visual Studio Solution File, Format Version 12.00
# Visual Studio Version 17
VisualStudioVersion = 17.5.33516.290
MinimumVisualStudioVersion = 10.0.40219.1
Project("{9A19103F-16F7-4668-BE54-9A1E7A4F7556}") = "GeradorProtocoloAtendimento", "GeradorProtocoloAtendimento\GeradorProtocoloAtendimento.csproj", "{59582F2D-9F50-4972-9025-B90A29BFBE1B}"
EndProject
Project("{FAE04EC0-301F-11D3-BF4B-00C04F79EFBC}") = "GeradorProtocoloAtendimento.Domain", "GeradorProtocoloAtendimento.Domain\GeradorProtocoloAtendimento.Domain.csproj", "{D76251FC-2417-4863-92C2-19F82D31E233}"
EndProject
Project("{FAE04EC0-301F-11D3-BF4B-00C04F79EFBC}") = "GeradorProtocoloAtendimento.Infraestrutura", "GeradorProtocoloAtendimento.Infraestrutura\GeradorProtocoloAtendimento.Infraestrutura.csproj", "{D4F3D4AB-99B4-4992-B47C-77A1A54910B6}"
EndProject
Project("{FAE04EC0-301F-11D3-BF4B-00C04F79EFBC}") = "GeradorProtocoloAtendimento.Web", "GeradorProtocoloAtendimento.Web\GeradorProtocoloAtendimento.Web.csproj", "{2DE54778-DAC3-4B0A-A20E-7BDC5F09B73B}"
EndProject
Project("{FAE04EC0-301F-11D3-BF4B-00C04F79EFBC}") = "GeradorProtocoloAtendimento.Services", "GeradorProtocoloAtendimento.Services\GeradorProtocoloAtendimento.Services.csproj", "{23789BAE-5C45-4131-BE21-3F009FF8FCF9}"
EndProject
Global
	GlobalSection(SolutionConfigurationPlatforms) = preSolution
		Debug|Any CPU = Debug|Any CPU
		Release|Any CPU = Release|Any CPU
	EndGlobalSection
	GlobalSection(ProjectConfigurationPlatforms) = postSolution
		{59582F2D-9F50-4972-9025-B90A29BFBE1B}.Debug|Any CPU.ActiveCfg = Debug|Any CPU
		{59582F2D-9F50-4972-9025-B90A29BFBE1B}.Debug|Any CPU.Build.0 = Debug|Any CPU
		{59582F2D-9F50-4972-9025-B90A29BFBE1B}.Release|Any CPU.ActiveCfg = Release|Any CPU
		{59582F2D-9F50-4972-9025-B90A29BFBE1B}.Release|Any CPU.Build.0 = Release|Any CPU
		{D76251FC-2417-4863-92C2-19F82D31E233}.Debug|Any CPU.ActiveCfg = Debug|Any CPU
		{D76251FC-2417-4863-92C2-19F82D31E233}.Debug|Any CPU.Build.0 = Debug|Any CPU
		{D76251FC-2417-4863-92C2-19F82D31E233}.Release|Any CPU.ActiveCfg = Release|Any CPU
		{D76251FC-2417-4863-92C2-19F82D31E233}.Release|Any CPU.Build.0 = Release|Any CPU
		{D4F3D4AB-99B4-4992-B47C-77A1A54910B6}.Debug|Any CPU.ActiveCfg = Debug|Any CPU
		{D4F3D4AB-99B4-4992-B47C-77A1A54910B6}.Debug|Any CPU.Build.0 = Debug|Any CPU
		{D4F3D4AB-99B4-4992-B47C-77A1A54910B6}.Release|Any CPU.ActiveCfg = Release|Any CPU
		{D4F3D4AB-99B4-4992-B47C-77A1A54910B6}.Release|Any CPU.Build.0 = Release|Any CPU
		{2DE54778-DAC3-4B0A-A20E-7BDC5F09B73B}.Debug|Any CPU.ActiveCfg = Debug|Any CPU
		{2DE54778-DAC3-4B0A-A20E-7BDC5F09B73B}.Debug|Any CPU.Build.0 = Debug|Any CPU
		{2DE54778-DAC3-4B0A-A20E-7BDC5F09B73B}.Release|Any CPU.ActiveCfg = Release|Any CPU
		{2DE54778-DAC3-4B0A-A20E-7BDC5F09B73B}.Release|Any CPU.Build.0 = Release|Any CPU
		{23789BAE-5C45-4131-BE21-3F009FF8FCF9}.Debug|Any CPU.ActiveCfg = Debug|Any CPU
		{23789BAE-5C45-4131-BE21-3F009FF8FCF9}.Debug|Any CPU.Build.0 = Debug|Any CPU
		{23789BAE-5C45-4131-BE21-3F009FF8FCF9}.Release|Any CPU.ActiveCfg = Release|Any CPU
		{23789BAE-5C45-4131-BE21-3F009FF8FCF9}.Release|Any CPU.Build.0 = Release|Any CPU
	EndGlobalSection
	GlobalSection(SolutionProperties) = preSolution
		HideSolutionNode = FALSE
	EndGlobalSection
	GlobalSection(ExtensibilityGlobals) = postSolution
		SolutionGuid = {BD39F7CB-F929-42A5-802D-AE3000E85F61}
	EndGlobalSection
EndGlobal
